
Microsoft Visual Studio Solution File, Format Version 12.00
# Visual Studio Version 17
VisualStudioVersion = 17.2.32526.322
MinimumVisualStudioVersion = 10.0.40219.1
Project("{9A19103F-16F7-4668-BE54-9A1E7A4F7556}") = "DemoMVC.PL", "DemoMVC.PL\DemoMVC.PL.csproj", "{EE824067-09A6-4A41-A49C-522B948E1559}"
EndProject
Project("{9A19103F-16F7-4668-BE54-9A1E7A4F7556}") = "DemoMVC.BL", "DemoMVC.BL\DemoMVC.BL.csproj", "{4FC2404E-A26B-471A-9703-AF04FFA346CC}"
EndProject
Project("{9A19103F-16F7-4668-BE54-9A1E7A4F7556}") = "DemoMVC.DAL", "DemoMVC.DAL\DemoMVC.DAL.csproj", "{A9677502-7CFF-487E-BEB1-19F301428AF8}"
EndProject
Project("{FAE04EC0-301F-11D3-BF4B-00C04F79EFBC}") = "DemoMVC.API", "DemoMVC.API\DemoMVC.API.csproj", "{10C9F62B-D934-4CCB-867C-CC5ED6D95E74}"
EndProject
Global
	GlobalSection(SolutionConfigurationPlatforms) = preSolution
		Debug|Any CPU = Debug|Any CPU
		Release|Any CPU = Release|Any CPU
	EndGlobalSection
	GlobalSection(ProjectConfigurationPlatforms) = postSolution
		{EE824067-09A6-4A41-A49C-522B948E1559}.Debug|Any CPU.ActiveCfg = Debug|Any CPU
		{EE824067-09A6-4A41-A49C-522B948E1559}.Debug|Any CPU.Build.0 = Debug|Any CPU
		{EE824067-09A6-4A41-A49C-522B948E1559}.Release|Any CPU.ActiveCfg = Release|Any CPU
		{EE824067-09A6-4A41-A49C-522B948E1559}.Release|Any CPU.Build.0 = Release|Any CPU
		{4FC2404E-A26B-471A-9703-AF04FFA346CC}.Debug|Any CPU.ActiveCfg = Debug|Any CPU
		{4FC2404E-A26B-471A-9703-AF04FFA346CC}.Debug|Any CPU.Build.0 = Debug|Any CPU
		{4FC2404E-A26B-471A-9703-AF04FFA346CC}.Release|Any CPU.ActiveCfg = Release|Any CPU
		{4FC2404E-A26B-471A-9703-AF04FFA346CC}.Release|Any CPU.Build.0 = Release|Any CPU
		{A9677502-7CFF-487E-BEB1-19F301428AF8}.Debug|Any CPU.ActiveCfg = Debug|Any CPU
		{A9677502-7CFF-487E-BEB1-19F301428AF8}.Debug|Any CPU.Build.0 = Debug|Any CPU
		{A9677502-7CFF-487E-BEB1-19F301428AF8}.Release|Any CPU.ActiveCfg = Release|Any CPU
		{A9677502-7CFF-487E-BEB1-19F301428AF8}.Release|Any CPU.Build.0 = Release|Any CPU
		{10C9F62B-D934-4CCB-867C-CC5ED6D95E74}.Debug|Any CPU.ActiveCfg = Debug|Any CPU
		{10C9F62B-D934-4CCB-867C-CC5ED6D95E74}.Debug|Any CPU.Build.0 = Debug|Any CPU
		{10C9F62B-D934-4CCB-867C-CC5ED6D95E74}.Release|Any CPU.ActiveCfg = Release|Any CPU
		{10C9F62B-D934-4CCB-867C-CC5ED6D95E74}.Release|Any CPU.Build.0 = Release|Any CPU
	EndGlobalSection
	GlobalSection(SolutionProperties) = preSolution
		HideSolutionNode = FALSE
	EndGlobalSection
	GlobalSection(ExtensibilityGlobals) = postSolution
		SolutionGuid = {0D7C14B1-C052-4B2A-8EC4-2997BA2C1FE7}
	EndGlobalSection
EndGlobal
